{
  "name": "symphony",
  "version": "1.0.0",
  "lockfileVersion": 1,
  "requires": true,
  "dependencies": {
    "musical.js": {
      "version": "0.0.1",
      "resolved": "https://registry.npmjs.org/musical.js/-/musical.js-0.0.1.tgz",
      "integrity": "sha1-PuSQIARIWH0mLfzjV1/tnU1VBUk="
    }
  }
}
